// !$*UTF8*$!
{
	archiveVersion = 1;
	classes = {
	};
	objectVersion = 46;
	objects = {

/* Begin PBXBuildFile section */
		064D4D6F1E4362BC004F05AF /* ProfileSummary.swift in Sources */ = {isa = PBXBuildFile; fileRef = 064D4D6E1E4362BC004F05AF /* ProfileSummary.swift */; };
		06630A4D1E43409C00D5A334 /* modifyProfile.swift in Sources */ = {isa = PBXBuildFile; fileRef = 06630A4C1E43409C00D5A334 /* modifyProfile.swift */; };
		AC8CE5111E43DB3F009D456B /* Charts.framework in Frameworks */ = {isa = PBXBuildFile; fileRef = AC8CE50C1E43DB31009D456B /* Charts.framework */; };
		AC8CE5121E43DB3F009D456B /* Charts.framework in Embed Frameworks */ = {isa = PBXBuildFile; fileRef = AC8CE50C1E43DB31009D456B /* Charts.framework */; settings = {ATTRIBUTES = (CodeSignOnCopy, RemoveHeadersOnCopy, ); }; };
		AC9E93391E427A4C00928B4D /* AppDelegate.swift in Sources */ = {isa = PBXBuildFile; fileRef = AC9E93381E427A4C00928B4D /* AppDelegate.swift */; };
		AC9E933B1E427A4C00928B4D /* ViewTabBarController.swift in Sources */ = {isa = PBXBuildFile; fileRef = AC9E933A1E427A4C00928B4D /* ViewTabBarController.swift */; };
		AC9E933E1E427A4C00928B4D /* Main.storyboard in Resources */ = {isa = PBXBuildFile; fileRef = AC9E933C1E427A4C00928B4D /* Main.storyboard */; };
		AC9E93401E427A4C00928B4D /* Assets.xcassets in Resources */ = {isa = PBXBuildFile; fileRef = AC9E933F1E427A4C00928B4D /* Assets.xcassets */; };
		AC9E93431E427A4C00928B4D /* LaunchScreen.storyboard in Resources */ = {isa = PBXBuildFile; fileRef = AC9E93411E427A4C00928B4D /* LaunchScreen.storyboard */; };
		AC9E937C1E43369300928B4D /* ChartsViewController.swift in Sources */ = {isa = PBXBuildFile; fileRef = AC9E937B1E43369300928B4D /* ChartsViewController.swift */; };
		ACF8D0B21E43DED3005D6858 /* LogInViewController.swift in Sources */ = {isa = PBXBuildFile; fileRef = ACF8D0B11E43DED3005D6858 /* LogInViewController.swift */; };
		ACF8D0B41E43DEDA005D6858 /* RegisterViewController.swift in Sources */ = {isa = PBXBuildFile; fileRef = ACF8D0B31E43DEDA005D6858 /* RegisterViewController.swift */; };
		ACF8D0B61E43DEDF005D6858 /* ProfiloUtente.swift in Sources */ = {isa = PBXBuildFile; fileRef = ACF8D0B51E43DEDF005D6858 /* ProfiloUtente.swift */; };
		DE0D0C111E42877800F0861A /* MenuTableViewController.swift in Sources */ = {isa = PBXBuildFile; fileRef = DE0D0C101E42877800F0861A /* MenuTableViewController.swift */; };
		DE0D0C131E4287ED00F0861A /* MenuInternoTableViewController.swift in Sources */ = {isa = PBXBuildFile; fileRef = DE0D0C121E4287ED00F0861A /* MenuInternoTableViewController.swift */; };
		DE0D0C151E42883000F0861A /* SourceTableViewCell.swift in Sources */ = {isa = PBXBuildFile; fileRef = DE0D0C141E42883000F0861A /* SourceTableViewCell.swift */; };
		DE0D0C171E42884E00F0861A /* singleSourceTableViewCell.swift in Sources */ = {isa = PBXBuildFile; fileRef = DE0D0C161E42884E00F0861A /* singleSourceTableViewCell.swift */; };
		DE0D0C311E43C3B500F0861A /* cibi.swift in Sources */ = {isa = PBXBuildFile; fileRef = DE0D0C301E43C3B500F0861A /* cibi.swift */; };
		DE0D0C371E43E3C600F0861A /* Feature.xib in Resources */ = {isa = PBXBuildFile; fileRef = DE0D0C361E43E3C600F0861A /* Feature.xib */; };
		DE0D0C381E43E89000F0861A /* FeatureView.swift in Sources */ = {isa = PBXBuildFile; fileRef = F7F2A0C21E439CDC0029C895 /* FeatureView.swift */; };
		F7F2A0C11E439C950029C895 /* ViewController.swift in Sources */ = {isa = PBXBuildFile; fileRef = F7F2A0C01E439C950029C895 /* ViewController.swift */; };
		F7F2A0C51E439D130029C895 /* CircularTransition.swift in Sources */ = {isa = PBXBuildFile; fileRef = F7F2A0C41E439D130029C895 /* CircularTransition.swift */; };
		F7F2A0C71E439D910029C895 /* secondViewController.swift in Sources */ = {isa = PBXBuildFile; fileRef = F7F2A0C61E439D910029C895 /* secondViewController.swift */; };
/* End PBXBuildFile section */

/* Begin PBXContainerItemProxy section */
		AC8CE50B1E43DB31009D456B /* PBXContainerItemProxy */ = {
			isa = PBXContainerItemProxy;
			containerPortal = AC8CE5051E43DB31009D456B /* Charts.xcodeproj */;
			proxyType = 2;
			remoteGlobalIDString = 06165F241D8110E600722320;
			remoteInfo = Charts;
		};
		AC8CE50D1E43DB31009D456B /* PBXContainerItemProxy */ = {
			isa = PBXContainerItemProxy;
			containerPortal = AC8CE5051E43DB31009D456B /* Charts.xcodeproj */;
			proxyType = 2;
			remoteGlobalIDString = 06B120D51D811E6200D14B02;
			remoteInfo = ChartsRealm;
		};
		AC8CE50F1E43DB31009D456B /* PBXContainerItemProxy */ = {
			isa = PBXContainerItemProxy;
			containerPortal = AC8CE5051E43DB31009D456B /* Charts.xcodeproj */;
			proxyType = 2;
			remoteGlobalIDString = 06165F2E1D8110E600722320;
			remoteInfo = ChartsTests;
		};
		AC8CE5131E43DB3F009D456B /* PBXContainerItemProxy */ = {
			isa = PBXContainerItemProxy;
			containerPortal = AC8CE5051E43DB31009D456B /* Charts.xcodeproj */;
			proxyType = 1;
			remoteGlobalIDString = 06165F231D8110E600722320;
			remoteInfo = Charts;
		};
/* End PBXContainerItemProxy section */

/* Begin PBXCopyFilesBuildPhase section */
		F7F2A0DC1E43A22A0029C895 /* Embed Frameworks */ = {
			isa = PBXCopyFilesBuildPhase;
			buildActionMask = 2147483647;
			dstPath = "";
			dstSubfolderSpec = 10;
			files = (
				AC8CE5121E43DB3F009D456B /* Charts.framework in Embed Frameworks */,
			);
			name = "Embed Frameworks";
			runOnlyForDeploymentPostprocessing = 0;
		};
/* End PBXCopyFilesBuildPhase section */

/* Begin PBXFileReference section */
		064D4D6E1E4362BC004F05AF /* ProfileSummary.swift */ = {isa = PBXFileReference; fileEncoding = 4; lastKnownFileType = sourcecode.swift; path = ProfileSummary.swift; sourceTree = "<group>"; };
		06630A4C1E43409C00D5A334 /* modifyProfile.swift */ = {isa = PBXFileReference; fileEncoding = 4; lastKnownFileType = sourcecode.swift; path = modifyProfile.swift; sourceTree = "<group>"; };
		AC8CE5051E43DB31009D456B /* Charts.xcodeproj */ = {isa = PBXFileReference; lastKnownFileType = "wrapper.pb-project"; name = Charts.xcodeproj; path = "../../Downloads/Librerie esterne/Charts-master/Charts.xcodeproj"; sourceTree = "<group>"; };
		AC9E93351E427A4C00928B4D /* My Diabetic Manager.app */ = {isa = PBXFileReference; explicitFileType = wrapper.application; includeInIndex = 0; path = "My Diabetic Manager.app"; sourceTree = BUILT_PRODUCTS_DIR; };
		AC9E93381E427A4C00928B4D /* AppDelegate.swift */ = {isa = PBXFileReference; lastKnownFileType = sourcecode.swift; path = AppDelegate.swift; sourceTree = "<group>"; };
		AC9E933A1E427A4C00928B4D /* ViewTabBarController.swift */ = {isa = PBXFileReference; lastKnownFileType = sourcecode.swift; path = ViewTabBarController.swift; sourceTree = "<group>"; };
		AC9E933D1E427A4C00928B4D /* Base */ = {isa = PBXFileReference; lastKnownFileType = file.storyboard; name = Base; path = Base.lproj/Main.storyboard; sourceTree = "<group>"; };
		AC9E933F1E427A4C00928B4D /* Assets.xcassets */ = {isa = PBXFileReference; lastKnownFileType = folder.assetcatalog; path = Assets.xcassets; sourceTree = "<group>"; };
		AC9E93421E427A4C00928B4D /* Base */ = {isa = PBXFileReference; lastKnownFileType = file.storyboard; name = Base; path = Base.lproj/LaunchScreen.storyboard; sourceTree = "<group>"; };
		AC9E93441E427A4C00928B4D /* Info.plist */ = {isa = PBXFileReference; lastKnownFileType = text.plist.xml; path = Info.plist; sourceTree = "<group>"; };
		AC9E937B1E43369300928B4D /* ChartsViewController.swift */ = {isa = PBXFileReference; fileEncoding = 4; lastKnownFileType = sourcecode.swift; path = ChartsViewController.swift; sourceTree = "<group>"; };
		ACF8D0B11E43DED3005D6858 /* LogInViewController.swift */ = {isa = PBXFileReference; fileEncoding = 4; lastKnownFileType = sourcecode.swift; path = LogInViewController.swift; sourceTree = "<group>"; };
		ACF8D0B31E43DEDA005D6858 /* RegisterViewController.swift */ = {isa = PBXFileReference; fileEncoding = 4; lastKnownFileType = sourcecode.swift; path = RegisterViewController.swift; sourceTree = "<group>"; };
		ACF8D0B51E43DEDF005D6858 /* ProfiloUtente.swift */ = {isa = PBXFileReference; fileEncoding = 4; lastKnownFileType = sourcecode.swift; path = ProfiloUtente.swift; sourceTree = "<group>"; };
		DE0D0C101E42877800F0861A /* MenuTableViewController.swift */ = {isa = PBXFileReference; fileEncoding = 4; lastKnownFileType = sourcecode.swift; path = MenuTableViewController.swift; sourceTree = "<group>"; };
		DE0D0C121E4287ED00F0861A /* MenuInternoTableViewController.swift */ = {isa = PBXFileReference; fileEncoding = 4; lastKnownFileType = sourcecode.swift; path = MenuInternoTableViewController.swift; sourceTree = "<group>"; };
		DE0D0C141E42883000F0861A /* SourceTableViewCell.swift */ = {isa = PBXFileReference; fileEncoding = 4; lastKnownFileType = sourcecode.swift; path = SourceTableViewCell.swift; sourceTree = "<group>"; };
		DE0D0C161E42884E00F0861A /* singleSourceTableViewCell.swift */ = {isa = PBXFileReference; fileEncoding = 4; lastKnownFileType = sourcecode.swift; path = singleSourceTableViewCell.swift; sourceTree = "<group>"; };
		DE0D0C301E43C3B500F0861A /* cibi.swift */ = {isa = PBXFileReference; fileEncoding = 4; lastKnownFileType = sourcecode.swift; path = cibi.swift; sourceTree = "<group>"; };
		DE0D0C361E43E3C600F0861A /* Feature.xib */ = {isa = PBXFileReference; fileEncoding = 4; lastKnownFileType = file.xib; name = Feature.xib; path = ../../../Downloads/Feature.xib; sourceTree = "<group>"; };
		F7F2A0C01E439C950029C895 /* ViewController.swift */ = {isa = PBXFileReference; fileEncoding = 4; lastKnownFileType = sourcecode.swift; path = ViewController.swift; sourceTree = "<group>"; };
		F7F2A0C21E439CDC0029C895 /* FeatureView.swift */ = {isa = PBXFileReference; fileEncoding = 4; lastKnownFileType = sourcecode.swift; name = FeatureView.swift; path = ../FeatureView.swift; sourceTree = "<group>"; };
		F7F2A0C41E439D130029C895 /* CircularTransition.swift */ = {isa = PBXFileReference; fileEncoding = 4; lastKnownFileType = sourcecode.swift; name = CircularTransition.swift; path = ../CircularTransition.swift; sourceTree = "<group>"; };
		F7F2A0C61E439D910029C895 /* secondViewController.swift */ = {isa = PBXFileReference; fileEncoding = 4; lastKnownFileType = sourcecode.swift; name = secondViewController.swift; path = ../secondViewController.swift; sourceTree = "<group>"; };
/* End PBXFileReference section */

/* Begin PBXFrameworksBuildPhase section */
		AC9E93321E427A4C00928B4D /* Frameworks */ = {
			isa = PBXFrameworksBuildPhase;
			buildActionMask = 2147483647;
			files = (
				AC8CE5111E43DB3F009D456B /* Charts.framework in Frameworks */,
			);
			runOnlyForDeploymentPostprocessing = 0;
		};
/* End PBXFrameworksBuildPhase section */

/* Begin PBXGroup section */
		AC8CE5061E43DB31009D456B /* Products */ = {
			isa = PBXGroup;
			children = (
				AC8CE50C1E43DB31009D456B /* Charts.framework */,
				AC8CE50E1E43DB31009D456B /* ChartsRealm.framework */,
				AC8CE5101E43DB31009D456B /* ChartsTests.xctest */,
			);
			name = Products;
			sourceTree = "<group>";
		};
		AC9E932C1E427A4C00928B4D = {
			isa = PBXGroup;
			children = (
				AC9E93371E427A4C00928B4D /* My Diabetic Manager */,
				AC9E93361E427A4C00928B4D /* Products */,
				AC8CE5051E43DB31009D456B /* Charts.xcodeproj */,
			);
			sourceTree = "<group>";
		};
		AC9E93361E427A4C00928B4D /* Products */ = {
			isa = PBXGroup;
			children = (
				AC9E93351E427A4C00928B4D /* My Diabetic Manager.app */,
			);
			name = Products;
			sourceTree = "<group>";
		};
		AC9E93371E427A4C00928B4D /* My Diabetic Manager */ = {
			isa = PBXGroup;
			children = (
				F7F2A0BB1E439BD70029C895 /* Food Manu */,
				AC9E937D1E43436A00928B4D /* Login */,
				AC9E934D1E427DB000928B4D /* Food */,
				AC9E934C1E427D9600928B4D /* My Charts */,
				AC9E934B1E427D8900928B4D /* My Calendar */,
				AC9E934A1E427D6D00928B4D /* My Profile */,
				AC9E93381E427A4C00928B4D /* AppDelegate.swift */,
				AC9E933A1E427A4C00928B4D /* ViewTabBarController.swift */,
				AC9E933C1E427A4C00928B4D /* Main.storyboard */,
				AC9E933F1E427A4C00928B4D /* Assets.xcassets */,
				AC9E93411E427A4C00928B4D /* LaunchScreen.storyboard */,
				AC9E93441E427A4C00928B4D /* Info.plist */,
			);
			path = "My Diabetic Manager";
			sourceTree = "<group>";
		};
		AC9E934A1E427D6D00928B4D /* My Profile */ = {
			isa = PBXGroup;
			children = (
				06630A4C1E43409C00D5A334 /* modifyProfile.swift */,
				064D4D6E1E4362BC004F05AF /* ProfileSummary.swift */,
			);
			name = "My Profile";
			path = ..;
			sourceTree = "<group>";
		};
		AC9E934B1E427D8900928B4D /* My Calendar */ = {
			isa = PBXGroup;
			children = (
			);
			name = "My Calendar";
			path = ..;
			sourceTree = "<group>";
		};
		AC9E934C1E427D9600928B4D /* My Charts */ = {
			isa = PBXGroup;
			children = (
				AC9E937B1E43369300928B4D /* ChartsViewController.swift */,
			);
			name = "My Charts";
			path = ..;
			sourceTree = "<group>";
		};
		AC9E934D1E427DB000928B4D /* Food */ = {
			isa = PBXGroup;
			children = (
				DE0D0C101E42877800F0861A /* MenuTableViewController.swift */,
				DE0D0C121E4287ED00F0861A /* MenuInternoTableViewController.swift */,
				DE0D0C141E42883000F0861A /* SourceTableViewCell.swift */,
				DE0D0C161E42884E00F0861A /* singleSourceTableViewCell.swift */,
			);
			name = Food;
			sourceTree = "<group>";
		};
		AC9E937D1E43436A00928B4D /* Login */ = {
			isa = PBXGroup;
			children = (
				ACF8D0B11E43DED3005D6858 /* LogInViewController.swift */,
				ACF8D0B31E43DEDA005D6858 /* RegisterViewController.swift */,
				ACF8D0B51E43DEDF005D6858 /* ProfiloUtente.swift */,
			);
			name = Login;
			sourceTree = "<group>";
		};
		F7F2A0BB1E439BD70029C895 /* Food Manu */ = {
			isa = PBXGroup;
			children = (
				F7F2A0C61E439D910029C895 /* secondViewController.swift */,
				F7F2A0C41E439D130029C895 /* CircularTransition.swift */,
				F7F2A0C01E439C950029C895 /* ViewController.swift */,
				F7F2A0C21E439CDC0029C895 /* FeatureView.swift */,
				DE0D0C301E43C3B500F0861A /* cibi.swift */,
				DE0D0C361E43E3C600F0861A /* Feature.xib */,
			);
			name = "Food Manu";
			sourceTree = "<group>";
		};
/* End PBXGroup section */

/* Begin PBXNativeTarget section */
		AC9E93341E427A4C00928B4D /* My Diabetic Manager */ = {
			isa = PBXNativeTarget;
			buildConfigurationList = AC9E93471E427A4C00928B4D /* Build configuration list for PBXNativeTarget "My Diabetic Manager" */;
			buildPhases = (
				AC9E93311E427A4C00928B4D /* Sources */,
				AC9E93321E427A4C00928B4D /* Frameworks */,
				AC9E93331E427A4C00928B4D /* Resources */,
				F7F2A0DC1E43A22A0029C895 /* Embed Frameworks */,
			);
			buildRules = (
			);
			dependencies = (
				AC8CE5141E43DB3F009D456B /* PBXTargetDependency */,
			);
			name = "My Diabetic Manager";
			productName = "My Diabetic Manager";
			productReference = AC9E93351E427A4C00928B4D /* My Diabetic Manager.app */;
			productType = "com.apple.product-type.application";
		};
/* End PBXNativeTarget section */

/* Begin PBXProject section */
		AC9E932D1E427A4C00928B4D /* Project object */ = {
			isa = PBXProject;
			attributes = {
				LastSwiftUpdateCheck = 0820;
				LastUpgradeCheck = 0820;
				ORGANIZATIONNAME = "Vincenzo De Rosa";
				TargetAttributes = {
					AC9E93341E427A4C00928B4D = {
						CreatedOnToolsVersion = 8.2.1;
						DevelopmentTeam = 93JF9LS6ZY;
						ProvisioningStyle = Automatic;
					};
				};
			};
			buildConfigurationList = AC9E93301E427A4C00928B4D /* Build configuration list for PBXProject "My Diabetic Manager" */;
			compatibilityVersion = "Xcode 3.2";
			developmentRegion = English;
			hasScannedForEncodings = 0;
			knownRegions = (
				en,
				Base,
			);
			mainGroup = AC9E932C1E427A4C00928B4D;
			productRefGroup = AC9E93361E427A4C00928B4D /* Products */;
			projectDirPath = "";
			projectReferences = (
				{
					ProductGroup = AC8CE5061E43DB31009D456B /* Products */;
					ProjectRef = AC8CE5051E43DB31009D456B /* Charts.xcodeproj */;
				},
			);
			projectRoot = "";
			targets = (
				AC9E93341E427A4C00928B4D /* My Diabetic Manager */,
			);
		};
/* End PBXProject section */

/* Begin PBXReferenceProxy section */
		AC8CE50C1E43DB31009D456B /* Charts.framework */ = {
			isa = PBXReferenceProxy;
			fileType = wrapper.framework;
			path = Charts.framework;
			remoteRef = AC8CE50B1E43DB31009D456B /* PBXContainerItemProxy */;
			sourceTree = BUILT_PRODUCTS_DIR;
		};
		AC8CE50E1E43DB31009D456B /* ChartsRealm.framework */ = {
			isa = PBXReferenceProxy;
			fileType = wrapper.framework;
			path = ChartsRealm.framework;
			remoteRef = AC8CE50D1E43DB31009D456B /* PBXContainerItemProxy */;
			sourceTree = BUILT_PRODUCTS_DIR;
		};
		AC8CE5101E43DB31009D456B /* ChartsTests.xctest */ = {
			isa = PBXReferenceProxy;
			fileType = wrapper.cfbundle;
			path = ChartsTests.xctest;
			remoteRef = AC8CE50F1E43DB31009D456B /* PBXContainerItemProxy */;
			sourceTree = BUILT_PRODUCTS_DIR;
		};
/* End PBXReferenceProxy section */

/* Begin PBXResourcesBuildPhase section */
		AC9E93331E427A4C00928B4D /* Resources */ = {
			isa = PBXResourcesBuildPhase;
			buildActionMask = 2147483647;
			files = (
				DE0D0C371E43E3C600F0861A /* Feature.xib in Resources */,
				AC9E93431E427A4C00928B4D /* LaunchScreen.storyboard in Resources */,
				AC9E93401E427A4C00928B4D /* Assets.xcassets in Resources */,
				AC9E933E1E427A4C00928B4D /* Main.storyboard in Resources */,
			);
			runOnlyForDeploymentPostprocessing = 0;
		};
/* End PBXResourcesBuildPhase section */

/* Begin PBXSourcesBuildPhase section */
		AC9E93311E427A4C00928B4D /* Sources */ = {
			isa = PBXSourcesBuildPhase;
			buildActionMask = 2147483647;
			files = (
				DE0D0C381E43E89000F0861A /* FeatureView.swift in Sources */,
				F7F2A0C71E439D910029C895 /* secondViewController.swift in Sources */,
				DE0D0C171E42884E00F0861A /* singleSourceTableViewCell.swift in Sources */,
				AC9E937C1E43369300928B4D /* ChartsViewController.swift in Sources */,
				AC9E933B1E427A4C00928B4D /* ViewTabBarController.swift in Sources */,
				AC9E93391E427A4C00928B4D /* AppDelegate.swift in Sources */,
				DE0D0C131E4287ED00F0861A /* MenuInternoTableViewController.swift in Sources */,
				ACF8D0B41E43DEDA005D6858 /* RegisterViewController.swift in Sources */,
				DE0D0C151E42883000F0861A /* SourceTableViewCell.swift in Sources */,
				F7F2A0C11E439C950029C895 /* ViewController.swift in Sources */,
				F7F2A0C51E439D130029C895 /* CircularTransition.swift in Sources */,
				DE0D0C311E43C3B500F0861A /* cibi.swift in Sources */,
				ACF8D0B21E43DED3005D6858 /* LogInViewController.swift in Sources */,
				DE0D0C111E42877800F0861A /* MenuTableViewController.swift in Sources */,
				06630A4D1E43409C00D5A334 /* modifyProfile.swift in Sources */,
				ACF8D0B61E43DEDF005D6858 /* ProfiloUtente.swift in Sources */,
				064D4D6F1E4362BC004F05AF /* ProfileSummary.swift in Sources */,
			);
			runOnlyForDeploymentPostprocessing = 0;
		};
/* End PBXSourcesBuildPhase section */

/* Begin PBXTargetDependency section */
		AC8CE5141E43DB3F009D456B /* PBXTargetDependency */ = {
			isa = PBXTargetDependency;
			name = Charts;
			targetProxy = AC8CE5131E43DB3F009D456B /* PBXContainerItemProxy */;
		};
/* End PBXTargetDependency section */

/* Begin PBXVariantGroup section */
		AC9E933C1E427A4C00928B4D /* Main.storyboard */ = {
			isa = PBXVariantGroup;
			children = (
				AC9E933D1E427A4C00928B4D /* Base */,
			);
			name = Main.storyboard;
			sourceTree = "<group>";
		};
		AC9E93411E427A4C00928B4D /* LaunchScreen.storyboard */ = {
			isa = PBXVariantGroup;
			children = (
				AC9E93421E427A4C00928B4D /* Base */,
			);
			name = LaunchScreen.storyboard;
			sourceTree = "<group>";
		};
/* End PBXVariantGroup section */

/* Begin XCBuildConfiguration section */
		AC9E93451E427A4C00928B4D /* Debug */ = {
			isa = XCBuildConfiguration;
			buildSettings = {
				ALWAYS_SEARCH_USER_PATHS = NO;
				CLANG_ANALYZER_NONNULL = YES;
				CLANG_CXX_LANGUAGE_STANDARD = "gnu++0x";
				CLANG_CXX_LIBRARY = "libc++";
				CLANG_ENABLE_MODULES = YES;
				CLANG_ENABLE_OBJC_ARC = YES;
				CLANG_WARN_BOOL_CONVERSION = YES;
				CLANG_WARN_CONSTANT_CONVERSION = YES;
				CLANG_WARN_DIRECT_OBJC_ISA_USAGE = YES_ERROR;
				CLANG_WARN_DOCUMENTATION_COMMENTS = YES;
				CLANG_WARN_EMPTY_BODY = YES;
				CLANG_WARN_ENUM_CONVERSION = YES;
				CLANG_WARN_INFINITE_RECURSION = YES;
				CLANG_WARN_INT_CONVERSION = YES;
				CLANG_WARN_OBJC_ROOT_CLASS = YES_ERROR;
				CLANG_WARN_SUSPICIOUS_MOVE = YES;
				CLANG_WARN_UNREACHABLE_CODE = YES;
				CLANG_WARN__DUPLICATE_METHOD_MATCH = YES;
				"CODE_SIGN_IDENTITY[sdk=iphoneos*]" = "iPhone Developer";
				COPY_PHASE_STRIP = NO;
				DEBUG_INFORMATION_FORMAT = dwarf;
				ENABLE_STRICT_OBJC_MSGSEND = YES;
				ENABLE_TESTABILITY = YES;
				GCC_C_LANGUAGE_STANDARD = gnu99;
				GCC_DYNAMIC_NO_PIC = NO;
				GCC_NO_COMMON_BLOCKS = YES;
				GCC_OPTIMIZATION_LEVEL = 0;
				GCC_PREPROCESSOR_DEFINITIONS = (
					"DEBUG=1",
					"$(inherited)",
				);
				GCC_WARN_64_TO_32_BIT_CONVERSION = YES;
				GCC_WARN_ABOUT_RETURN_TYPE = YES_ERROR;
				GCC_WARN_UNDECLARED_SELECTOR = YES;
				GCC_WARN_UNINITIALIZED_AUTOS = YES_AGGRESSIVE;
				GCC_WARN_UNUSED_FUNCTION = YES;
				GCC_WARN_UNUSED_VARIABLE = YES;
				IPHONEOS_DEPLOYMENT_TARGET = 10.2;
				MTL_ENABLE_DEBUG_INFO = YES;
				ONLY_ACTIVE_ARCH = YES;
				SDKROOT = iphoneos;
				SWIFT_ACTIVE_COMPILATION_CONDITIONS = DEBUG;
				SWIFT_OPTIMIZATION_LEVEL = "-Onone";
			};
			name = Debug;
		};
		AC9E93461E427A4C00928B4D /* Release */ = {
			isa = XCBuildConfiguration;
			buildSettings = {
				ALWAYS_SEARCH_USER_PATHS = NO;
				CLANG_ANALYZER_NONNULL = YES;
				CLANG_CXX_LANGUAGE_STANDARD = "gnu++0x";
				CLANG_CXX_LIBRARY = "libc++";
				CLANG_ENABLE_MODULES = YES;
				CLANG_ENABLE_OBJC_ARC = YES;
				CLANG_WARN_BOOL_CONVERSION = YES;
				CLANG_WARN_CONSTANT_CONVERSION = YES;
				CLANG_WARN_DIRECT_OBJC_ISA_USAGE = YES_ERROR;
				CLANG_WARN_DOCUMENTATION_COMMENTS = YES;
				CLANG_WARN_EMPTY_BODY = YES;
				CLANG_WARN_ENUM_CONVERSION = YES;
				CLANG_WARN_INFINITE_RECURSION = YES;
				CLANG_WARN_INT_CONVERSION = YES;
				CLANG_WARN_OBJC_ROOT_CLASS = YES_ERROR;
				CLANG_WARN_SUSPICIOUS_MOVE = YES;
				CLANG_WARN_UNREACHABLE_CODE = YES;
				CLANG_WARN__DUPLICATE_METHOD_MATCH = YES;
				"CODE_SIGN_IDENTITY[sdk=iphoneos*]" = "iPhone Developer";
				COPY_PHASE_STRIP = NO;
				DEBUG_INFORMATION_FORMAT = "dwarf-with-dsym";
				ENABLE_NS_ASSERTIONS = NO;
				ENABLE_STRICT_OBJC_MSGSEND = YES;
				GCC_C_LANGUAGE_STANDARD = gnu99;
				GCC_NO_COMMON_BLOCKS = YES;
				GCC_WARN_64_TO_32_BIT_CONVERSION = YES;
				GCC_WARN_ABOUT_RETURN_TYPE = YES_ERROR;
				GCC_WARN_UNDECLARED_SELECTOR = YES;
				GCC_WARN_UNINITIALIZED_AUTOS = YES_AGGRESSIVE;
				GCC_WARN_UNUSED_FUNCTION = YES;
				GCC_WARN_UNUSED_VARIABLE = YES;
				IPHONEOS_DEPLOYMENT_TARGET = 10.2;
				MTL_ENABLE_DEBUG_INFO = NO;
				SDKROOT = iphoneos;
				SWIFT_OPTIMIZATION_LEVEL = "-Owholemodule";
				VALIDATE_PRODUCT = YES;
			};
			name = Release;
		};
		AC9E93481E427A4C00928B4D /* Debug */ = {
			isa = XCBuildConfiguration;
			buildSettings = {
				ALWAYS_EMBED_SWIFT_STANDARD_LIBRARIES = YES;
				ASSETCATALOG_COMPILER_APPICON_NAME = AppIcon;
				DEVELOPMENT_TEAM = 93JF9LS6ZY;
				INFOPLIST_FILE = "My Diabetic Manager/Info.plist";
				LD_RUNPATH_SEARCH_PATHS = "$(inherited) @executable_path/Frameworks";
				PRODUCT_BUNDLE_IDENTIFIER = "iOsFoundation.My-Diabetic-Manager";
				PRODUCT_NAME = "$(TARGET_NAME)";
				SWIFT_VERSION = 3.0;
			};
			name = Debug;
		};
		AC9E93491E427A4C00928B4D /* Release */ = {
			isa = XCBuildConfiguration;
			buildSettings = {
				ALWAYS_EMBED_SWIFT_STANDARD_LIBRARIES = YES;
				ASSETCATALOG_COMPILER_APPICON_NAME = AppIcon;
				DEVELOPMENT_TEAM = 93JF9LS6ZY;
				INFOPLIST_FILE = "My Diabetic Manager/Info.plist";
				LD_RUNPATH_SEARCH_PATHS = "$(inherited) @executable_path/Frameworks";
				PRODUCT_BUNDLE_IDENTIFIER = "iOsFoundation.My-Diabetic-Manager";
				PRODUCT_NAME = "$(TARGET_NAME)";
				SWIFT_VERSION = 3.0;
			};
			name = Release;
		};
/* End XCBuildConfiguration section */

/* Begin XCConfigurationList section */
		AC9E93301E427A4C00928B4D /* Build configuration list for PBXProject "My Diabetic Manager" */ = {
			isa = XCConfigurationList;
			buildConfigurations = (
				AC9E93451E427A4C00928B4D /* Debug */,
				AC9E93461E427A4C00928B4D /* Release */,
			);
			defaultConfigurationIsVisible = 0;
			defaultConfigurationName = Release;
		};
		AC9E93471E427A4C00928B4D /* Build configuration list for PBXNativeTarget "My Diabetic Manager" */ = {
			isa = XCConfigurationList;
			buildConfigurations = (
				AC9E93481E427A4C00928B4D /* Debug */,
				AC9E93491E427A4C00928B4D /* Release */,
			);
			defaultConfigurationIsVisible = 0;
			defaultConfigurationName = Release;
		};
/* End XCConfigurationList section */
	};
	rootObject = AC9E932D1E427A4C00928B4D /* Project object */;
}
