// !$*UTF8*$!
{
	archiveVersion = 1;
	classes = {
	};
	objectVersion = 46;
	objects = {

/* Begin PBXBuildFile section */
		AC9E93391E427A4C00928B4D /* AppDelegate.swift in Sources */ = {isa = PBXBuildFile; fileRef = AC9E93381E427A4C00928B4D /* AppDelegate.swift */; };
		AC9E933B1E427A4C00928B4D /* ViewController.swift in Sources */ = {isa = PBXBuildFile; fileRef = AC9E933A1E427A4C00928B4D /* ViewController.swift */; };
		AC9E933E1E427A4C00928B4D /* Main.storyboard in Resources */ = {isa = PBXBuildFile; fileRef = AC9E933C1E427A4C00928B4D /* Main.storyboard */; };
		AC9E93401E427A4C00928B4D /* Assets.xcassets in Resources */ = {isa = PBXBuildFile; fileRef = AC9E933F1E427A4C00928B4D /* Assets.xcassets */; };
		AC9E93431E427A4C00928B4D /* LaunchScreen.storyboard in Resources */ = {isa = PBXBuildFile; fileRef = AC9E93411E427A4C00928B4D /* LaunchScreen.storyboard */; };
/* End PBXBuildFile section */

/* Begin PBXFileReference section */
		AC9E93351E427A4C00928B4D /* My Diabetic Manager.app */ = {isa = PBXFileReference; explicitFileType = wrapper.application; includeInIndex = 0; path = "My Diabetic Manager.app"; sourceTree = BUILT_PRODUCTS_DIR; };
		AC9E93381E427A4C00928B4D /* AppDelegate.swift */ = {isa = PBXFileReference; lastKnownFileType = sourcecode.swift; path = AppDelegate.swift; sourceTree = "<group>"; };
		AC9E933A1E427A4C00928B4D /* ViewController.swift */ = {isa = PBXFileReference; lastKnownFileType = sourcecode.swift; path = ViewController.swift; sourceTree = "<group>"; };
		AC9E933D1E427A4C00928B4D /* Base */ = {isa = PBXFileReference; lastKnownFileType = file.storyboard; name = Base; path = Base.lproj/Main.storyboard; sourceTree = "<group>"; };
		AC9E933F1E427A4C00928B4D /* Assets.xcassets */ = {isa = PBXFileReference; lastKnownFileType = folder.assetcatalog; path = Assets.xcassets; sourceTree = "<group>"; };
		AC9E93421E427A4C00928B4D /* Base */ = {isa = PBXFileReference; lastKnownFileType = file.storyboard; name = Base; path = Base.lproj/LaunchScreen.storyboard; sourceTree = "<group>"; };
		AC9E93441E427A4C00928B4D /* Info.plist */ = {isa = PBXFileReference; lastKnownFileType = text.plist.xml; path = Info.plist; sourceTree = "<group>"; };
/* End PBXFileReference section */

/* Begin PBXFrameworksBuildPhase section */
		AC9E93321E427A4C00928B4D /* Frameworks */ = {
			isa = PBXFrameworksBuildPhase;
			buildActionMask = 2147483647;
			files = (
			);
			runOnlyForDeploymentPostprocessing = 0;
		};
/* End PBXFrameworksBuildPhase section */

/* Begin PBXGroup section */
		AC9E932C1E427A4C00928B4D = {
			isa = PBXGroup;
			children = (
				AC9E93371E427A4C00928B4D /* My Diabetic Manager */,
				AC9E93361E427A4C00928B4D /* Products */,
			);
			sourceTree = "<group>";
		};
		AC9E93361E427A4C00928B4D /* Products */ = {
			isa = PBXGroup;
			children = (
				AC9E93351E427A4C00928B4D /* My Diabetic Manager.app */,
			);
			name = Products;
			sourceTree = "<group>";
		};
		AC9E93371E427A4C00928B4D /* My Diabetic Manager */ = {
			isa = PBXGroup;
			children = (
				AC9E93381E427A4C00928B4D /* AppDelegate.swift */,
				AC9E933A1E427A4C00928B4D /* ViewController.swift */,
				AC9E933C1E427A4C00928B4D /* Main.storyboard */,
				AC9E933F1E427A4C00928B4D /* Assets.xcassets */,
				AC9E93411E427A4C00928B4D /* LaunchScreen.storyboard */,
				AC9E93441E427A4C00928B4D /* Info.plist */,
			);
			path = "My Diabetic Manager";
			sourceTree = "<group>";
		};
/* End PBXGroup section */

/* Begin PBXNativeTarget section */
		AC9E93341E427A4C00928B4D /* My Diabetic Manager */ = {
			isa = PBXNativeTarget;
			buildConfigurationList = AC9E93471E427A4C00928B4D /* Build configuration list for PBXNativeTarget "My Diabetic Manager" */;
			buildPhases = (
				AC9E93311E427A4C00928B4D /* Sources */,
				AC9E93321E427A4C00928B4D /* Frameworks */,
				AC9E93331E427A4C00928B4D /* Resources */,
			);
			buildRules = (
			);
			dependencies = (
			);
			name = "My Diabetic Manager";
			productName = "My Diabetic Manager";
			productReference = AC9E93351E427A4C00928B4D /* My Diabetic Manager.app */;
			productType = "com.apple.product-type.application";
		};
/* End PBXNativeTarget section */

/* Begin PBXProject section */
		AC9E932D1E427A4C00928B4D /* Project object */ = {
			isa = PBXProject;
			attributes = {
				LastSwiftUpdateCheck = 0820;
				LastUpgradeCheck = 0820;
				ORGANIZATIONNAME = "Vincenzo De Rosa";
				TargetAttributes = {
					AC9E93341E427A4C00928B4D = {
						CreatedOnToolsVersion = 8.2.1;
						DevelopmentTeam = 93JF9LS6ZY;
						ProvisioningStyle = Automatic;
					};
				};
			};
			buildConfigurationList = AC9E93301E427A4C00928B4D /* Build configuration list for PBXProject "My Diabetic Manager" */;
			compatibilityVersion = "Xcode 3.2";
			developmentRegion = English;
			hasScannedForEncodings = 0;
			knownRegions = (
				en,
				Base,
			);
			mainGroup = AC9E932C1E427A4C00928B4D;
			productRefGroup = AC9E93361E427A4C00928B4D /* Products */;
			projectDirPath = "";
			projectRoot = "";
			targets = (
				AC9E93341E427A4C00928B4D /* My Diabetic Manager */,
			);
		};
/* End PBXProject section */

/* Begin PBXResourcesBuildPhase section */
		AC9E93331E427A4C00928B4D /* Resources */ = {
			isa = PBXResourcesBuildPhase;
			buildActionMask = 2147483647;
			files = (
				AC9E93431E427A4C00928B4D /* LaunchScreen.storyboard in Resources */,
				AC9E93401E427A4C00928B4D /* Assets.xcassets in Resources */,
				AC9E933E1E427A4C00928B4D /* Main.storyboard in Resources */,
			);
			runOnlyForDeploymentPostprocessing = 0;
		};
/* End PBXResourcesBuildPhase section */

/* Begin PBXSourcesBuildPhase section */
		AC9E93311E427A4C00928B4D /* Sources */ = {
			isa = PBXSourcesBuildPhase;
			buildActionMask = 2147483647;
			files = (
				AC9E933B1E427A4C00928B4D /* ViewController.swift in Sources */,
				AC9E93391E427A4C00928B4D /* AppDelegate.swift in Sources */,
			);
			runOnlyForDeploymentPostprocessing = 0;
		};
/* End PBXSourcesBuildPhase section */

/* Begin PBXVariantGroup section */
		AC9E933C1E427A4C00928B4D /* Main.storyboard */ = {
			isa = PBXVariantGroup;
			children = (
				AC9E933D1E427A4C00928B4D /* Base */,
			);
			name = Main.storyboard;
			sourceTree = "<group>";
		};
		AC9E93411E427A4C00928B4D /* LaunchScreen.storyboard */ = {
			isa = PBXVariantGroup;
			children = (
				AC9E93421E427A4C00928B4D /* Base */,
			);
			name = LaunchScreen.storyboard;
			sourceTree = "<group>";
		};
/* End PBXVariantGroup section */

/* Begin XCBuildConfiguration section */
		AC9E93451E427A4C00928B4D /* Debug */ = {
			isa = XCBuildConfiguration;
			buildSettings = {
				ALWAYS_SEARCH_USER_PATHS = NO;
				CLANG_ANALYZER_NONNULL = YES;
				CLANG_CXX_LANGUAGE_STANDARD = "gnu++0x";
				CLANG_CXX_LIBRARY = "libc++";
				CLANG_ENABLE_MODULES = YES;
				CLANG_ENABLE_OBJC_ARC = YES;
				CLANG_WARN_BOOL_CONVERSION = YES;
				CLANG_WARN_CONSTANT_CONVERSION = YES;
				CLANG_WARN_DIRECT_OBJC_ISA_USAGE = YES_ERROR;
				CLANG_WARN_DOCUMENTATION_COMMENTS = YES;
				CLANG_WARN_EMPTY_BODY = YES;
				CLANG_WARN_ENUM_CONVERSION = YES;
				CLANG_WARN_INFINITE_RECURSION = YES;
				CLANG_WARN_INT_CONVERSION = YES;
				CLANG_WARN_OBJC_ROOT_CLASS = YES_ERROR;
				CLANG_WARN_SUSPICIOUS_MOVE = YES;
				CLANG_WARN_UNREACHABLE_CODE = YES;
				CLANG_WARN__DUPLICATE_METHOD_MATCH = YES;
				"CODE_SIGN_IDENTITY[sdk=iphoneos*]" = "iPhone Developer";
				COPY_PHASE_STRIP = NO;
				DEBUG_INFORMATION_FORMAT = dwarf;
				ENABLE_STRICT_OBJC_MSGSEND = YES;
				ENABLE_TESTABILITY = YES;
				GCC_C_LANGUAGE_STANDARD = gnu99;
				GCC_DYNAMIC_NO_PIC = NO;
				GCC_NO_COMMON_BLOCKS = YES;
				GCC_OPTIMIZATION_LEVEL = 0;
				GCC_PREPROCESSOR_DEFINITIONS = (
					"DEBUG=1",
					"$(inherited)",
				);
				GCC_WARN_64_TO_32_BIT_CONVERSION = YES;
				GCC_WARN_ABOUT_RETURN_TYPE = YES_ERROR;
				GCC_WARN_UNDECLARED_SELECTOR = YES;
				GCC_WARN_UNINITIALIZED_AUTOS = YES_AGGRESSIVE;
				GCC_WARN_UNUSED_FUNCTION = YES;
				GCC_WARN_UNUSED_VARIABLE = YES;
				IPHONEOS_DEPLOYMENT_TARGET = 10.2;
				MTL_ENABLE_DEBUG_INFO = YES;
				ONLY_ACTIVE_ARCH = YES;
				SDKROOT = iphoneos;
				SWIFT_ACTIVE_COMPILATION_CONDITIONS = DEBUG;
				SWIFT_OPTIMIZATION_LEVEL = "-Onone";
			};
			name = Debug;
		};
		AC9E93461E427A4C00928B4D /* Release */ = {
			isa = XCBuildConfiguration;
			buildSettings = {
				ALWAYS_SEARCH_USER_PATHS = NO;
				CLANG_ANALYZER_NONNULL = YES;
				CLANG_CXX_LANGUAGE_STANDARD = "gnu++0x";
				CLANG_CXX_LIBRARY = "libc++";
				CLANG_ENABLE_MODULES = YES;
				CLANG_ENABLE_OBJC_ARC = YES;
				CLANG_WARN_BOOL_CONVERSION = YES;
				CLANG_WARN_CONSTANT_CONVERSION = YES;
				CLANG_WARN_DIRECT_OBJC_ISA_USAGE = YES_ERROR;
				CLANG_WARN_DOCUMENTATION_COMMENTS = YES;
				CLANG_WARN_EMPTY_BODY = YES;
				CLANG_WARN_ENUM_CONVERSION = YES;
				CLANG_WARN_INFINITE_RECURSION = YES;
				CLANG_WARN_INT_CONVERSION = YES;
				CLANG_WARN_OBJC_ROOT_CLASS = YES_ERROR;
				CLANG_WARN_SUSPICIOUS_MOVE = YES;
				CLANG_WARN_UNREACHABLE_CODE = YES;
				CLANG_WARN__DUPLICATE_METHOD_MATCH = YES;
				"CODE_SIGN_IDENTITY[sdk=iphoneos*]" = "iPhone Developer";
				COPY_PHASE_STRIP = NO;
				DEBUG_INFORMATION_FORMAT = "dwarf-with-dsym";
				ENABLE_NS_ASSERTIONS = NO;
				ENABLE_STRICT_OBJC_MSGSEND = YES;
				GCC_C_LANGUAGE_STANDARD = gnu99;
				GCC_NO_COMMON_BLOCKS = YES;
				GCC_WARN_64_TO_32_BIT_CONVERSION = YES;
				GCC_WARN_ABOUT_RETURN_TYPE = YES_ERROR;
				GCC_WARN_UNDECLARED_SELECTOR = YES;
				GCC_WARN_UNINITIALIZED_AUTOS = YES_AGGRESSIVE;
				GCC_WARN_UNUSED_FUNCTION = YES;
				GCC_WARN_UNUSED_VARIABLE = YES;
				IPHONEOS_DEPLOYMENT_TARGET = 10.2;
				MTL_ENABLE_DEBUG_INFO = NO;
				SDKROOT = iphoneos;
				SWIFT_OPTIMIZATION_LEVEL = "-Owholemodule";
				VALIDATE_PRODUCT = YES;
			};
			name = Release;
		};
		AC9E93481E427A4C00928B4D /* Debug */ = {
			isa = XCBuildConfiguration;
			buildSettings = {
				ASSETCATALOG_COMPILER_APPICON_NAME = AppIcon;
				DEVELOPMENT_TEAM = 93JF9LS6ZY;
				INFOPLIST_FILE = "My Diabetic Manager/Info.plist";
				LD_RUNPATH_SEARCH_PATHS = "$(inherited) @executable_path/Frameworks";
				PRODUCT_BUNDLE_IDENTIFIER = "iOsFoundation.My-Diabetic-Manager";
				PRODUCT_NAME = "$(TARGET_NAME)";
				SWIFT_VERSION = 3.0;
			};
			name = Debug;
		};
		AC9E93491E427A4C00928B4D /* Release */ = {
			isa = XCBuildConfiguration;
			buildSettings = {
				ASSETCATALOG_COMPILER_APPICON_NAME = AppIcon;
				DEVELOPMENT_TEAM = 93JF9LS6ZY;
				INFOPLIST_FILE = "My Diabetic Manager/Info.plist";
				LD_RUNPATH_SEARCH_PATHS = "$(inherited) @executable_path/Frameworks";
				PRODUCT_BUNDLE_IDENTIFIER = "iOsFoundation.My-Diabetic-Manager";
				PRODUCT_NAME = "$(TARGET_NAME)";
				SWIFT_VERSION = 3.0;
			};
			name = Release;
		};
/* End XCBuildConfiguration section */

/* Begin XCConfigurationList section */
		AC9E93301E427A4C00928B4D /* Build configuration list for PBXProject "My Diabetic Manager" */ = {
			isa = XCConfigurationList;
			buildConfigurations = (
				AC9E93451E427A4C00928B4D /* Debug */,
				AC9E93461E427A4C00928B4D /* Release */,
			);
			defaultConfigurationIsVisible = 0;
			defaultConfigurationName = Release;
		};
		AC9E93471E427A4C00928B4D /* Build configuration list for PBXNativeTarget "My Diabetic Manager" */ = {
			isa = XCConfigurationList;
			buildConfigurations = (
				AC9E93481E427A4C00928B4D /* Debug */,
				AC9E93491E427A4C00928B4D /* Release */,
			);
			defaultConfigurationIsVisible = 0;
		};
/* End XCConfigurationList section */
	};
	rootObject = AC9E932D1E427A4C00928B4D /* Project object */;
}
